
Microsoft Visual Studio Solution File, Format Version 12.00
# Visual Studio Version 16
VisualStudioVersion = 16.0.29806.167
MinimumVisualStudioVersion = 15.0.26124.0
Project("{2150E333-8FDC-42A3-9474-1A3956D46DE8}") = "src", "src", "{3D6DA0A6-E9FE-4CE8-B659-284B34EFAF97}"
EndProject
Project("{6EC3EE1D-3C4E-46DD-8F32-0CC8E7565705}") = "Giraffe.Antiforgery", "src\Giraffe.Antiforgery\Giraffe.Antiforgery.fsproj", "{291DB8A8-B71C-47CA-9DA9-2B8A450A771A}"
EndProject
Global
	GlobalSection(SolutionConfigurationPlatforms) = preSolution
		Debug|Any CPU = Debug|Any CPU
		Debug|x64 = Debug|x64
		Debug|x86 = Debug|x86
		Release|Any CPU = Release|Any CPU
		Release|x64 = Release|x64
		Release|x86 = Release|x86
	EndGlobalSection
	GlobalSection(ProjectConfigurationPlatforms) = postSolution
		{291DB8A8-B71C-47CA-9DA9-2B8A450A771A}.Debug|Any CPU.ActiveCfg = Debug|Any CPU
		{291DB8A8-B71C-47CA-9DA9-2B8A450A771A}.Debug|Any CPU.Build.0 = Debug|Any CPU
		{291DB8A8-B71C-47CA-9DA9-2B8A450A771A}.Debug|x64.ActiveCfg = Debug|Any CPU
		{291DB8A8-B71C-47CA-9DA9-2B8A450A771A}.Debug|x64.Build.0 = Debug|Any CPU
		{291DB8A8-B71C-47CA-9DA9-2B8A450A771A}.Debug|x86.ActiveCfg = Debug|Any CPU
		{291DB8A8-B71C-47CA-9DA9-2B8A450A771A}.Debug|x86.Build.0 = Debug|Any CPU
		{291DB8A8-B71C-47CA-9DA9-2B8A450A771A}.Release|Any CPU.ActiveCfg = Release|Any CPU
		{291DB8A8-B71C-47CA-9DA9-2B8A450A771A}.Release|Any CPU.Build.0 = Release|Any CPU
		{291DB8A8-B71C-47CA-9DA9-2B8A450A771A}.Release|x64.ActiveCfg = Release|Any CPU
		{291DB8A8-B71C-47CA-9DA9-2B8A450A771A}.Release|x64.Build.0 = Release|Any CPU
		{291DB8A8-B71C-47CA-9DA9-2B8A450A771A}.Release|x86.ActiveCfg = Release|Any CPU
		{291DB8A8-B71C-47CA-9DA9-2B8A450A771A}.Release|x86.Build.0 = Release|Any CPU
	EndGlobalSection
	GlobalSection(SolutionProperties) = preSolution
		HideSolutionNode = FALSE
	EndGlobalSection
	GlobalSection(NestedProjects) = preSolution
		{291DB8A8-B71C-47CA-9DA9-2B8A450A771A} = {3D6DA0A6-E9FE-4CE8-B659-284B34EFAF97}
	EndGlobalSection
	GlobalSection(ExtensibilityGlobals) = postSolution
		SolutionGuid = {876AF8B4-024A-4A53-BC46-BFDCF8425261}
	EndGlobalSection
EndGlobal
